
Microsoft Visual Studio Solution File, Format Version 12.00
# Visual Studio Version 16
VisualStudioVersion = 16.0.31702.278
MinimumVisualStudioVersion = 10.0.40219.1
Project("{9A19103F-16F7-4668-BE54-9A1E7A4F7556}") = "Epithet Erased System", "Epithet Erased System.csproj", "{751D16F1-58D7-47F7-B386-0F63F95A62A7}"
EndProject
Global
	GlobalSection(SolutionConfigurationPlatforms) = preSolution
		Debug|Any CPU = Debug|Any CPU
		Release|Any CPU = Release|Any CPU
	EndGlobalSection
	GlobalSection(ProjectConfigurationPlatforms) = postSolution
		{751D16F1-58D7-47F7-B386-0F63F95A62A7}.Debug|Any CPU.ActiveCfg = Debug|Any CPU
		{751D16F1-58D7-47F7-B386-0F63F95A62A7}.Debug|Any CPU.Build.0 = Debug|Any CPU
		{751D16F1-58D7-47F7-B386-0F63F95A62A7}.Release|Any CPU.ActiveCfg = Release|Any CPU
		{751D16F1-58D7-47F7-B386-0F63F95A62A7}.Release|Any CPU.Build.0 = Release|Any CPU
	EndGlobalSection
	GlobalSection(SolutionProperties) = preSolution
		HideSolutionNode = FALSE
	EndGlobalSection
	GlobalSection(ExtensibilityGlobals) = postSolution
		SolutionGuid = {49CB2770-DD8E-4C75-9A2C-8346077C11F7}
	EndGlobalSection
EndGlobal
